
Microsoft Visual Studio Solution File, Format Version 12.00
# Visual Studio Version 17
VisualStudioVersion = 17.0.31903.59
MinimumVisualStudioVersion = 10.0.40219.1
Project("{9A19103F-16F7-4668-BE54-9A1E7A4F7556}") = "OrkEngine3D.BEPU", "source\OrkEngine3D.BEPU\OrkEngine3D.BEPU.csproj", "{32A92277-7D0D-4C94-9A7C-910323EC7B74}"
EndProject
Project("{9A19103F-16F7-4668-BE54-9A1E7A4F7556}") = "OrkEngine3D.BEPUtil", "source\OrkEngine3D.BEPUtil\OrkEngine3D.BEPUtil.csproj", "{04E20C38-8126-4D1A-B943-023810B570EB}"
EndProject
Global
	GlobalSection(SolutionConfigurationPlatforms) = preSolution
		Debug|Any CPU = Debug|Any CPU
		Release|Any CPU = Release|Any CPU
	EndGlobalSection
	GlobalSection(ProjectConfigurationPlatforms) = postSolution
		{32A92277-7D0D-4C94-9A7C-910323EC7B74}.Debug|Any CPU.ActiveCfg = Debug|Any CPU
		{32A92277-7D0D-4C94-9A7C-910323EC7B74}.Debug|Any CPU.Build.0 = Debug|Any CPU
		{32A92277-7D0D-4C94-9A7C-910323EC7B74}.Release|Any CPU.ActiveCfg = Release|Any CPU
		{32A92277-7D0D-4C94-9A7C-910323EC7B74}.Release|Any CPU.Build.0 = Release|Any CPU
		{04E20C38-8126-4D1A-B943-023810B570EB}.Debug|Any CPU.ActiveCfg = Debug|Any CPU
		{04E20C38-8126-4D1A-B943-023810B570EB}.Debug|Any CPU.Build.0 = Debug|Any CPU
		{04E20C38-8126-4D1A-B943-023810B570EB}.Release|Any CPU.ActiveCfg = Release|Any CPU
		{04E20C38-8126-4D1A-B943-023810B570EB}.Release|Any CPU.Build.0 = Release|Any CPU
	EndGlobalSection
	GlobalSection(SolutionProperties) = preSolution
		HideSolutionNode = FALSE
	EndGlobalSection
EndGlobal
